
Microsoft Visual Studio Solution File, Format Version 12.00
# Visual Studio Version 17
VisualStudioVersion = 17.8.34330.188
MinimumVisualStudioVersion = 10.0.40219.1
Project("{9A19103F-16F7-4668-BE54-9A1E7A4F7556}") = "DocumentCrud.WebAPI", "src\DocumentCrud.WebAPI\DocumentCrud.WebAPI.csproj", "{3933F5EA-5EB1-4FC9-B675-9DEE7C87C7C9}"
EndProject
Project("{9A19103F-16F7-4668-BE54-9A1E7A4F7556}") = "DocumentCrud.Domain", "src\DocumentCrud.Domain\DocumentCrud.Domain.csproj", "{6EBE067E-403A-4440-A504-544E8BBBBA28}"
EndProject
Project("{9A19103F-16F7-4668-BE54-9A1E7A4F7556}") = "DocumentCrud.Application", "src\DocumentCrud.Application\DocumentCrud.Application.csproj", "{CF368B04-6316-4D87-B343-2DC86C57DA76}"
EndProject
Project("{9A19103F-16F7-4668-BE54-9A1E7A4F7556}") = "DocumentCrud.Infrastructure", "src\DocumentCrud.Infrastructure\DocumentCrud.Infrastructure.csproj", "{B4B6BCE3-AA97-4AE0-9DC1-CAF690D44474}"
EndProject
Project("{9A19103F-16F7-4668-BE54-9A1E7A4F7556}") = "Application.Tests", "tests\Application.Tests\Application.Tests.csproj", "{125C7402-2DC2-46F8-B686-7D101BD97162}"
EndProject
Project("{2150E333-8FDC-42A3-9474-1A3956D46DE8}") = "tests", "tests", "{253FD208-4637-480E-8B7B-55D28F18DA86}"
EndProject
Project("{9A19103F-16F7-4668-BE54-9A1E7A4F7556}") = "Domain.Tests", "tests\Domain.Tests\Domain.Tests.csproj", "{C62B71B8-10FB-4611-8945-D530B7971B41}"
EndProject
Project("{9A19103F-16F7-4668-BE54-9A1E7A4F7556}") = "Infrastructure.Tests", "tests\Infrastructure.Tests\Infrastructure.Tests.csproj", "{8F93B5FC-CA20-4C0E-B1BF-017F8AE2A715}"
EndProject
Project("{FAE04EC0-301F-11D3-BF4B-00C04F79EFBC}") = "WebAPI.Tests", "tests\WebAPI.Tests\WebAPI.Tests.csproj", "{FF85C434-AAE4-4752-A4DA-B3B8B8429A13}"
EndProject
Global
	GlobalSection(SolutionConfigurationPlatforms) = preSolution
		Debug|Any CPU = Debug|Any CPU
		Release|Any CPU = Release|Any CPU
	EndGlobalSection
	GlobalSection(ProjectConfigurationPlatforms) = postSolution
		{3933F5EA-5EB1-4FC9-B675-9DEE7C87C7C9}.Debug|Any CPU.ActiveCfg = Debug|Any CPU
		{3933F5EA-5EB1-4FC9-B675-9DEE7C87C7C9}.Debug|Any CPU.Build.0 = Debug|Any CPU
		{3933F5EA-5EB1-4FC9-B675-9DEE7C87C7C9}.Release|Any CPU.ActiveCfg = Release|Any CPU
		{3933F5EA-5EB1-4FC9-B675-9DEE7C87C7C9}.Release|Any CPU.Build.0 = Release|Any CPU
		{6EBE067E-403A-4440-A504-544E8BBBBA28}.Debug|Any CPU.ActiveCfg = Debug|Any CPU
		{6EBE067E-403A-4440-A504-544E8BBBBA28}.Debug|Any CPU.Build.0 = Debug|Any CPU
		{6EBE067E-403A-4440-A504-544E8BBBBA28}.Release|Any CPU.ActiveCfg = Release|Any CPU
		{6EBE067E-403A-4440-A504-544E8BBBBA28}.Release|Any CPU.Build.0 = Release|Any CPU
		{CF368B04-6316-4D87-B343-2DC86C57DA76}.Debug|Any CPU.ActiveCfg = Debug|Any CPU
		{CF368B04-6316-4D87-B343-2DC86C57DA76}.Debug|Any CPU.Build.0 = Debug|Any CPU
		{CF368B04-6316-4D87-B343-2DC86C57DA76}.Release|Any CPU.ActiveCfg = Release|Any CPU
		{CF368B04-6316-4D87-B343-2DC86C57DA76}.Release|Any CPU.Build.0 = Release|Any CPU
		{B4B6BCE3-AA97-4AE0-9DC1-CAF690D44474}.Debug|Any CPU.ActiveCfg = Debug|Any CPU
		{B4B6BCE3-AA97-4AE0-9DC1-CAF690D44474}.Debug|Any CPU.Build.0 = Debug|Any CPU
		{B4B6BCE3-AA97-4AE0-9DC1-CAF690D44474}.Release|Any CPU.ActiveCfg = Release|Any CPU
		{B4B6BCE3-AA97-4AE0-9DC1-CAF690D44474}.Release|Any CPU.Build.0 = Release|Any CPU
		{125C7402-2DC2-46F8-B686-7D101BD97162}.Debug|Any CPU.ActiveCfg = Debug|Any CPU
		{125C7402-2DC2-46F8-B686-7D101BD97162}.Debug|Any CPU.Build.0 = Debug|Any CPU
		{125C7402-2DC2-46F8-B686-7D101BD97162}.Release|Any CPU.ActiveCfg = Release|Any CPU
		{125C7402-2DC2-46F8-B686-7D101BD97162}.Release|Any CPU.Build.0 = Release|Any CPU
		{C62B71B8-10FB-4611-8945-D530B7971B41}.Debug|Any CPU.ActiveCfg = Debug|Any CPU
		{C62B71B8-10FB-4611-8945-D530B7971B41}.Debug|Any CPU.Build.0 = Debug|Any CPU
		{C62B71B8-10FB-4611-8945-D530B7971B41}.Release|Any CPU.ActiveCfg = Release|Any CPU
		{C62B71B8-10FB-4611-8945-D530B7971B41}.Release|Any CPU.Build.0 = Release|Any CPU
		{8F93B5FC-CA20-4C0E-B1BF-017F8AE2A715}.Debug|Any CPU.ActiveCfg = Debug|Any CPU
		{8F93B5FC-CA20-4C0E-B1BF-017F8AE2A715}.Debug|Any CPU.Build.0 = Debug|Any CPU
		{8F93B5FC-CA20-4C0E-B1BF-017F8AE2A715}.Release|Any CPU.ActiveCfg = Release|Any CPU
		{8F93B5FC-CA20-4C0E-B1BF-017F8AE2A715}.Release|Any CPU.Build.0 = Release|Any CPU
		{FF85C434-AAE4-4752-A4DA-B3B8B8429A13}.Debug|Any CPU.ActiveCfg = Debug|Any CPU
		{FF85C434-AAE4-4752-A4DA-B3B8B8429A13}.Debug|Any CPU.Build.0 = Debug|Any CPU
		{FF85C434-AAE4-4752-A4DA-B3B8B8429A13}.Release|Any CPU.ActiveCfg = Release|Any CPU
		{FF85C434-AAE4-4752-A4DA-B3B8B8429A13}.Release|Any CPU.Build.0 = Release|Any CPU
	EndGlobalSection
	GlobalSection(SolutionProperties) = preSolution
		HideSolutionNode = FALSE
	EndGlobalSection
	GlobalSection(NestedProjects) = preSolution
		{125C7402-2DC2-46F8-B686-7D101BD97162} = {253FD208-4637-480E-8B7B-55D28F18DA86}
		{C62B71B8-10FB-4611-8945-D530B7971B41} = {253FD208-4637-480E-8B7B-55D28F18DA86}
		{8F93B5FC-CA20-4C0E-B1BF-017F8AE2A715} = {253FD208-4637-480E-8B7B-55D28F18DA86}
		{FF85C434-AAE4-4752-A4DA-B3B8B8429A13} = {253FD208-4637-480E-8B7B-55D28F18DA86}
	EndGlobalSection
	GlobalSection(ExtensibilityGlobals) = postSolution
		SolutionGuid = {49928246-BE7D-424B-98FF-661E83E35307}
	EndGlobalSection
EndGlobal
